
Microsoft Visual Studio Solution File, Format Version 12.00
# Visual Studio Version 17
VisualStudioVersion = 17.14.36203.30
MinimumVisualStudioVersion = 10.0.40219.1
Project("{2150E333-8FDC-42A3-9474-1A3956D46DE8}") = "Core", "Core", "{02EA681E-C7D8-13C7-8484-4AC65E1B71E8}"
EndProject
Project("{2150E333-8FDC-42A3-9474-1A3956D46DE8}") = "Infrastructure", "Infrastructure", "{D6FA1289-2E70-4211-82ED-382A67A91AC5}"
EndProject
Project("{2150E333-8FDC-42A3-9474-1A3956D46DE8}") = "Presentation", "Presentation", "{A21FB49C-E2B3-48BE-B4FA-E5C49EE41DAA}"
EndProject
Project("{2150E333-8FDC-42A3-9474-1A3956D46DE8}") = "Application", "Application", "{4AE66A8F-E372-42F4-8F30-3FE39D71013F}"
EndProject
Project("{2150E333-8FDC-42A3-9474-1A3956D46DE8}") = "Domain", "Domain", "{0BE78330-97C5-4C91-A5FA-6FCC4D451ED1}"
EndProject
Project("{2150E333-8FDC-42A3-9474-1A3956D46DE8}") = "Persistance", "Persistance", "{F22D9018-E65D-439F-9FDC-2EA98BFDB9F3}"
EndProject
Project("{2150E333-8FDC-42A3-9474-1A3956D46DE8}") = "Utils", "Utils", "{2618A375-1FEB-4A96-9C5A-563AEC500C27}"
EndProject
Project("{2150E333-8FDC-42A3-9474-1A3956D46DE8}") = "Indentity", "Indentity", "{151197B3-0A90-4B2B-9D8C-2A0AF20689F9}"
EndProject
Project("{FAE04EC0-301F-11D3-BF4B-00C04F79EFBC}") = "EventManagementSystem.Application", "Core\Application\EventManagementSystem.Application\EventManagementSystem.Application.csproj", "{79866C1B-3E7B-4C0D-A0B8-7DA81CB7EF1A}"
EndProject
Project("{FAE04EC0-301F-11D3-BF4B-00C04F79EFBC}") = "EventManagementSystem.Domain", "Core\Domain\EventManagementSystem.Domain\EventManagementSystem.Domain.csproj", "{BCF45AB5-9DB2-4911-9BE7-1BDA9418142E}"
EndProject
Project("{FAE04EC0-301F-11D3-BF4B-00C04F79EFBC}") = "EventManagementSystem.Utils", "Infrastructure\Utils\EventManagementSystem.Utils\EventManagementSystem.Utils.csproj", "{2775AF59-73AA-43F5-8AEA-98170807565A}"
EndProject
Project("{FAE04EC0-301F-11D3-BF4B-00C04F79EFBC}") = "EventManagementSystem.Persistance", "Infrastructure\Persistance\EventManagementSystem.Persistance\EventManagementSystem.Persistance.csproj", "{61B09576-2E50-458F-8154-46F437041839}"
EndProject
Project("{FAE04EC0-301F-11D3-BF4B-00C04F79EFBC}") = "EventManagementSystem.Identity", "Infrastructure\Identity\EventManagementSystem.Identity\EventManagementSystem.Identity.csproj", "{2A7887F4-0728-491D-908D-A9EABC6E2EA2}"
EndProject
Project("{FAE04EC0-301F-11D3-BF4B-00C04F79EFBC}") = "EventManagementSystem.API", "Presentation\EventManagementSystem.API\EventManagementSystem.API.csproj", "{39E4328B-1197-4ECA-90E9-D41EFEE3F68E}"
EndProject
Global
	GlobalSection(SolutionConfigurationPlatforms) = preSolution
		Debug|Any CPU = Debug|Any CPU
		Release|Any CPU = Release|Any CPU
	EndGlobalSection
	GlobalSection(ProjectConfigurationPlatforms) = postSolution
		{79866C1B-3E7B-4C0D-A0B8-7DA81CB7EF1A}.Debug|Any CPU.ActiveCfg = Debug|Any CPU
		{79866C1B-3E7B-4C0D-A0B8-7DA81CB7EF1A}.Debug|Any CPU.Build.0 = Debug|Any CPU
		{79866C1B-3E7B-4C0D-A0B8-7DA81CB7EF1A}.Release|Any CPU.ActiveCfg = Release|Any CPU
		{79866C1B-3E7B-4C0D-A0B8-7DA81CB7EF1A}.Release|Any CPU.Build.0 = Release|Any CPU
		{BCF45AB5-9DB2-4911-9BE7-1BDA9418142E}.Debug|Any CPU.ActiveCfg = Debug|Any CPU
		{BCF45AB5-9DB2-4911-9BE7-1BDA9418142E}.Debug|Any CPU.Build.0 = Debug|Any CPU
		{BCF45AB5-9DB2-4911-9BE7-1BDA9418142E}.Release|Any CPU.ActiveCfg = Release|Any CPU
		{BCF45AB5-9DB2-4911-9BE7-1BDA9418142E}.Release|Any CPU.Build.0 = Release|Any CPU
		{2775AF59-73AA-43F5-8AEA-98170807565A}.Debug|Any CPU.ActiveCfg = Debug|Any CPU
		{2775AF59-73AA-43F5-8AEA-98170807565A}.Debug|Any CPU.Build.0 = Debug|Any CPU
		{2775AF59-73AA-43F5-8AEA-98170807565A}.Release|Any CPU.ActiveCfg = Release|Any CPU
		{2775AF59-73AA-43F5-8AEA-98170807565A}.Release|Any CPU.Build.0 = Release|Any CPU
		{61B09576-2E50-458F-8154-46F437041839}.Debug|Any CPU.ActiveCfg = Debug|Any CPU
		{61B09576-2E50-458F-8154-46F437041839}.Debug|Any CPU.Build.0 = Debug|Any CPU
		{61B09576-2E50-458F-8154-46F437041839}.Release|Any CPU.ActiveCfg = Release|Any CPU
		{61B09576-2E50-458F-8154-46F437041839}.Release|Any CPU.Build.0 = Release|Any CPU
		{2A7887F4-0728-491D-908D-A9EABC6E2EA2}.Debug|Any CPU.ActiveCfg = Debug|Any CPU
		{2A7887F4-0728-491D-908D-A9EABC6E2EA2}.Debug|Any CPU.Build.0 = Debug|Any CPU
		{2A7887F4-0728-491D-908D-A9EABC6E2EA2}.Release|Any CPU.ActiveCfg = Release|Any CPU
		{2A7887F4-0728-491D-908D-A9EABC6E2EA2}.Release|Any CPU.Build.0 = Release|Any CPU
		{39E4328B-1197-4ECA-90E9-D41EFEE3F68E}.Debug|Any CPU.ActiveCfg = Debug|Any CPU
		{39E4328B-1197-4ECA-90E9-D41EFEE3F68E}.Debug|Any CPU.Build.0 = Debug|Any CPU
		{39E4328B-1197-4ECA-90E9-D41EFEE3F68E}.Release|Any CPU.ActiveCfg = Release|Any CPU
		{39E4328B-1197-4ECA-90E9-D41EFEE3F68E}.Release|Any CPU.Build.0 = Release|Any CPU
	EndGlobalSection
	GlobalSection(SolutionProperties) = preSolution
		HideSolutionNode = FALSE
	EndGlobalSection
	GlobalSection(NestedProjects) = preSolution
		{4AE66A8F-E372-42F4-8F30-3FE39D71013F} = {02EA681E-C7D8-13C7-8484-4AC65E1B71E8}
		{0BE78330-97C5-4C91-A5FA-6FCC4D451ED1} = {02EA681E-C7D8-13C7-8484-4AC65E1B71E8}
		{F22D9018-E65D-439F-9FDC-2EA98BFDB9F3} = {D6FA1289-2E70-4211-82ED-382A67A91AC5}
		{2618A375-1FEB-4A96-9C5A-563AEC500C27} = {D6FA1289-2E70-4211-82ED-382A67A91AC5}
		{151197B3-0A90-4B2B-9D8C-2A0AF20689F9} = {D6FA1289-2E70-4211-82ED-382A67A91AC5}
		{79866C1B-3E7B-4C0D-A0B8-7DA81CB7EF1A} = {4AE66A8F-E372-42F4-8F30-3FE39D71013F}
		{BCF45AB5-9DB2-4911-9BE7-1BDA9418142E} = {0BE78330-97C5-4C91-A5FA-6FCC4D451ED1}
		{2775AF59-73AA-43F5-8AEA-98170807565A} = {2618A375-1FEB-4A96-9C5A-563AEC500C27}
		{61B09576-2E50-458F-8154-46F437041839} = {F22D9018-E65D-439F-9FDC-2EA98BFDB9F3}
		{2A7887F4-0728-491D-908D-A9EABC6E2EA2} = {151197B3-0A90-4B2B-9D8C-2A0AF20689F9}
		{39E4328B-1197-4ECA-90E9-D41EFEE3F68E} = {A21FB49C-E2B3-48BE-B4FA-E5C49EE41DAA}
	EndGlobalSection
	GlobalSection(ExtensibilityGlobals) = postSolution
		SolutionGuid = {2EC6A608-C296-4E9E-A9D5-B763EF08BC6D}
	EndGlobalSection
EndGlobal
